{
  "name": "koa-practive",
  "version": "1.0.0",
  "lockfileVersion": 1,
  "dependencies": {
    "abbrev": {
      "version": "1.1.1",
      "resolved": "http://registry.npm.taobao.org/abbrev/download/abbrev-1.1.1.tgz",
      "integrity": "sha1-+PLIh60Qv2f2NPAFtph/7TF5qsg="
    },
    "ansi-regex": {
      "version": "2.1.1",
      "resolved": "http://registry.npm.taobao.org/ansi-regex/download/ansi-regex-2.1.1.tgz",
      "integrity": "sha1-w7M6te42DYbg5ijwRorn7yfWVN8="
    },
    "ansi-styles": {
      "version": "2.2.1",
      "resolved": "http://registry.npm.taobao.org/ansi-styles/download/ansi-styles-2.2.1.tgz",
      "integrity": "sha1-tDLdM1i2NM914eRmQ2gkBTPB3b4="
    },
    "any-promise": {
      "version": "1.3.0",
      "resolved": "http://registry.npm.taobao.org/any-promise/download/any-promise-1.3.0.tgz",
      "integrity": "sha1-q8av7tzqUugJzcA3au0845Y10X8="
    },
    "bluebird": {
      "version": "3.5.1",
      "resolved": "http://registry.npm.taobao.org/bluebird/download/bluebird-3.5.1.tgz",
      "integrity": "sha1-2VUfnemPH82h5oPRfukaBgLuLrk="
    },
    "bytes": {
      "version": "3.0.0",
      "resolved": "http://registry.npm.taobao.org/bytes/download/bytes-3.0.0.tgz",
      "integrity": "sha1-0ygVQE1olpn4Wk6k+odV3ROpYEg="
    },
    "chalk": {
      "version": "1.1.3",
      "resolved": "http://registry.npm.taobao.org/chalk/download/chalk-1.1.3.tgz",
      "integrity": "sha1-qBFcVeSnAv5NFQq9OHKCKn4J/Jg="
    },
    "co-body": {
      "version": "5.1.1",
      "resolved": "http://registry.npm.taobao.org/co-body/download/co-body-5.1.1.tgz",
      "integrity": "sha1-2XeB0eM0S6SoIP0YBr3fg0FQUjY="
    },
    "commander": {
      "version": "2.13.0",
      "resolved": "http://registry.npm.taobao.org/commander/download/commander-2.13.0.tgz",
      "integrity": "sha1-aWS8pnaF33wfFDDFhPB9dZeIW5w="
    },
    "condense-newlines": {
      "version": "0.2.1",
      "resolved": "http://registry.npm.taobao.org/condense-newlines/download/condense-newlines-0.2.1.tgz",
      "integrity": "sha1-PemFVTE5R10yUCyDsC9gaE0kxV8="
    },
    "config-chain": {
      "version": "1.1.11",
      "resolved": "http://registry.npm.taobao.org/config-chain/download/config-chain-1.1.11.tgz",
      "integrity": "sha1-q6CXR9++TD5w52am5BWG4YWfxvI="
    },
    "consolidate": {
      "version": "0.15.0",
      "resolved": "http://registry.npm.taobao.org/consolidate/download/consolidate-0.15.0.tgz",
      "integrity": "sha1-OXkYkBKX1fZX0KZRSjBQIkWiCYA="
    },
    "debug": {
      "version": "3.1.0",
      "resolved": "http://registry.npm.taobao.org/debug/download/debug-3.1.0.tgz",
      "integrity": "sha1-W7WgZyYotkFJVmuhaBnmFRjGcmE="
    },
    "depd": {
      "version": "1.1.1",
      "resolved": "http://registry.npm.taobao.org/depd/download/depd-1.1.1.tgz",
      "integrity": "sha1-V4O04cRZ8G+lyif5kfPQbnoxA1k="
    },
    "editorconfig": {
      "version": "0.13.3",
      "resolved": "http://registry.npm.taobao.org/editorconfig/download/editorconfig-0.13.3.tgz",
      "integrity": "sha1-5SGeWHlR1glY/ZTqmpoAjN7/GzQ="
    },
    "ejs": {
      "version": "2.5.7",
      "resolved": "http://registry.npm.taobao.org/ejs/download/ejs-2.5.7.tgz",
      "integrity": "sha1-zIcsFoiArjxxiXYv1f/ACJbJUYo="
    },
    "escape-string-regexp": {
      "version": "1.0.5",
      "resolved": "http://registry.npm.taobao.org/escape-string-regexp/download/escape-string-regexp-1.0.5.tgz",
      "integrity": "sha1-G2HAViGQqN/2rjuyzwIAyhMLhtQ="
    },
    "extend-shallow": {
      "version": "2.0.1",
      "resolved": "http://registry.npm.taobao.org/extend-shallow/download/extend-shallow-2.0.1.tgz",
      "integrity": "sha1-Ua99YUrZqfYQ6huvu5idaxxWiQ8="
    },
    "formidable": {
      "version": "1.1.1",
      "resolved": "http://registry.npm.taobao.org/formidable/download/formidable-1.1.1.tgz",
      "integrity": "sha1-lriIb3w8NQi5Mta9cMTTqI818ak="
    },
    "fs-extra": {
      "version": "4.0.3",
      "resolved": "http://registry.npm.taobao.org/fs-extra/download/fs-extra-4.0.3.tgz",
      "integrity": "sha1-DYUhIuW8W+tFP7Ao6cDJvzY0DJQ="
    },
    "get-paths": {
      "version": "0.0.2",
      "resolved": "http://registry.npm.taobao.org/get-paths/download/get-paths-0.0.2.tgz",
      "integrity": "sha1-qcJ7Go0AbJMaTyb899FUbjrXG+o="
    },
    "graceful-fs": {
      "version": "4.1.11",
      "resolved": "http://registry.npm.taobao.org/graceful-fs/download/graceful-fs-4.1.11.tgz",
      "integrity": "sha1-Dovf5NHduIVNZOBOp8AOKgJuVlg="
    },
    "has-ansi": {
      "version": "2.0.0",
      "resolved": "http://registry.npm.taobao.org/has-ansi/download/has-ansi-2.0.0.tgz",
      "integrity": "sha1-NPUEnOHs3ysGSa8+8k5F7TVBbZE="
    },
    "http-errors": {
      "version": "1.6.2",
      "resolved": "http://registry.npm.taobao.org/http-errors/download/http-errors-1.6.2.tgz",
      "integrity": "sha1-CgAsyFcHGSp+eUbO7cERVfYOxzY="
    },
    "humanize-number": {
      "version": "0.0.2",
      "resolved": "http://registry.npm.taobao.org/humanize-number/download/humanize-number-0.0.2.tgz",
      "integrity": "sha1-EcCvakcWQ2M1iFiASPF5lUFInBg="
    },
    "iconv-lite": {
      "version": "0.4.19",
      "resolved": "http://registry.npm.taobao.org/iconv-lite/download/iconv-lite-0.4.19.tgz",
      "integrity": "sha1-90aPYBNfXl2tM5nAqBvpoWA6CCs="
    },
    "inflation": {
      "version": "2.0.0",
      "resolved": "http://registry.npm.taobao.org/inflation/download/inflation-2.0.0.tgz",
      "integrity": "sha1-i0F+R8KPklpFEz2RTKH9OJEH8w8="
    },
    "inherits": {
      "version": "2.0.3",
      "resolved": "http://registry.npm.taobao.org/inherits/download/inherits-2.0.3.tgz",
      "integrity": "sha1-Yzwsg+PaQqUC9SRmAiSA9CCCYd4="
    },
    "ini": {
      "version": "1.3.5",
      "resolved": "http://registry.npm.taobao.org/ini/download/ini-1.3.5.tgz",
      "integrity": "sha1-7uJfVtscnsYIXgwid4CD9Zar+Sc="
    },
    "is-buffer": {
      "version": "1.1.6",
      "resolved": "http://registry.npm.taobao.org/is-buffer/download/is-buffer-1.1.6.tgz",
      "integrity": "sha1-76ouqdqg16suoTqXsritUf776L4="
    },
    "is-extendable": {
      "version": "0.1.1",
      "resolved": "http://registry.npm.taobao.org/is-extendable/download/is-extendable-0.1.1.tgz",
      "integrity": "sha1-YrEQ4omkcUGOPsNqYX1HLjAd/Ik="
    },
    "is-whitespace": {
      "version": "0.3.0",
      "resolved": "http://registry.npm.taobao.org/is-whitespace/download/is-whitespace-0.3.0.tgz",
      "integrity": "sha1-Fjnssb4DauxppUy7QBz77XEUq38="
    },
    "isarray": {
      "version": "0.0.1",
      "resolved": "http://registry.npm.taobao.org/isarray/download/isarray-0.0.1.tgz",
      "integrity": "sha1-ihis/Kmo9Bd+Cav8YDiTmwXR7t8="
    },
    "js-beautify": {
      "version": "1.7.5",
      "resolved": "http://registry.npm.taobao.org/js-beautify/download/js-beautify-1.7.5.tgz",
      "integrity": "sha1-adllHvYNu2SfZVJ7U2dJUBOKeRk="
    },
    "jsonfile": {
      "version": "4.0.0",
      "resolved": "http://registry.npm.taobao.org/jsonfile/download/jsonfile-4.0.0.tgz",
      "integrity": "sha1-h3Gq4HmbZAdrdmQPygWPnBDjPss="
    },
    "kind-of": {
      "version": "3.2.2",
      "resolved": "http://registry.npm.taobao.org/kind-of/download/kind-of-3.2.2.tgz",
      "integrity": "sha1-MeohpzS6ubuw8yRm2JOupR5KPGQ="
    },
    "koa-body": {
      "version": "2.5.0",
      "resolved": "http://registry.npm.taobao.org/koa-body/download/koa-body-2.5.0.tgz",
      "integrity": "sha1-hOj82NUimozBy5ipJuk5Bp5xaRU="
    },
    "koa-compose": {
      "version": "3.2.1",
      "resolved": "http://registry.npm.taobao.org/koa-compose/download/koa-compose-3.2.1.tgz",
      "integrity": "sha1-qFzLQLfZhtjlo0Wzoazo6rz1Tec="
    },
    "koa-logger": {
      "version": "3.1.0",
      "resolved": "http://registry.npm.taobao.org/koa-logger/download/koa-logger-3.1.0.tgz",
      "integrity": "sha1-gaNT9BhwEZ1WJg4OZE8E5zGBADk=",
      "dependencies": {
        "bytes": {
          "version": "2.5.0",
          "resolved": "http://registry.npm.taobao.org/bytes/download/bytes-2.5.0.tgz",
          "integrity": "sha1-TJQj6i0lLCcMQbK97+/5u2tiwGo="
        }
      }
    },
    "koa-router": {
      "version": "7.4.0",
      "resolved": "http://registry.npm.taobao.org/koa-router/download/koa-router-7.4.0.tgz",
      "integrity": "sha1-ruH3rcAtXLMdfWdGXJ6syCXoxeA="
    },
    "koa-send": {
      "version": "4.1.2",
      "resolved": "http://registry.npm.taobao.org/koa-send/download/koa-send-4.1.2.tgz",
      "integrity": "sha1-koYdGExNhFilT5LmcI4JsU1kERw=",
      "dependencies": {
        "debug": {
          "version": "2.6.9",
          "resolved": "http://registry.npm.taobao.org/debug/download/debug-2.6.9.tgz",
          "integrity": "sha1-XRKFFd8TT/Mn6QpMk/Tgd6U2NB8="
        }
      }
    },
    "koa-views": {
      "version": "6.1.3",
      "resolved": "http://registry.npm.taobao.org/koa-views/download/koa-views-6.1.3.tgz",
      "integrity": "sha1-ZusEpgKMaG0bvu32uo+QaaG6QEo="
    },
    "lru-cache": {
      "version": "3.2.0",
      "resolved": "http://registry.npm.taobao.org/lru-cache/download/lru-cache-3.2.0.tgz",
      "integrity": "sha1-cXibO39Tmb7IVl3aOKow0qCX7+4="
    },
    "media-typer": {
      "version": "0.3.0",
      "resolved": "http://registry.npm.taobao.org/media-typer/download/media-typer-0.3.0.tgz",
      "integrity": "sha1-hxDXrwqmJvj/+hzgAWhUUmMlV0g="
    },
    "methods": {
      "version": "1.1.2",
      "resolved": "http://registry.npm.taobao.org/methods/download/methods-1.1.2.tgz",
      "integrity": "sha1-VSmk1nZUE07cxSZmVoNbD4Ua/O4="
    },
    "mime-db": {
      "version": "1.30.0",
      "resolved": "http://registry.npm.taobao.org/mime-db/download/mime-db-1.30.0.tgz",
      "integrity": "sha1-dMZD2i3Z1qRTmZY0ZbJtXKfXHwE="
    },
    "mime-types": {
      "version": "2.1.17",
      "resolved": "http://registry.npm.taobao.org/mime-types/download/mime-types-2.1.17.tgz",
      "integrity": "sha1-Cdejk/A+mVp5+K+Fe3Cp4KsWVXo="
    },
    "minimist": {
      "version": "0.0.8",
      "resolved": "http://registry.npm.taobao.org/minimist/download/minimist-0.0.8.tgz",
      "integrity": "sha1-hX/Kv8M5fSYluCKCYuhqp6ARsF0="
    },
    "mkdirp": {
      "version": "0.5.1",
      "resolved": "http://registry.npm.taobao.org/mkdirp/download/mkdirp-0.5.1.tgz",
      "integrity": "sha1-MAV0OOrGz3+MR2fzhkjWaX11yQM="
    },
    "ms": {
      "version": "2.0.0",
      "resolved": "http://registry.npm.taobao.org/ms/download/ms-2.0.0.tgz",
      "integrity": "sha1-VgiurfwAvmwpAd9fmGF4jeDVl8g="
    },
    "mz": {
      "version": "2.7.0",
      "resolved": "http://registry.npm.taobao.org/mz/download/mz-2.7.0.tgz",
      "integrity": "sha1-lQCAV6Vsr63CvGPd5/n/aVWUjjI="
    },
    "nopt": {
      "version": "3.0.6",
      "resolved": "http://registry.npm.taobao.org/nopt/download/nopt-3.0.6.tgz",
      "integrity": "sha1-xkZdvwirzU2zWTF/eaxopkayj/k="
    },
    "object-assign": {
      "version": "4.1.1",
      "resolved": "http://registry.npm.taobao.org/object-assign/download/object-assign-4.1.1.tgz",
      "integrity": "sha1-IQmtx5ZYh8/AXLvUQsrIv7s2CGM="
    },
    "passthrough-counter": {
      "version": "1.0.0",
      "resolved": "http://registry.npm.taobao.org/passthrough-counter/download/passthrough-counter-1.0.0.tgz",
      "integrity": "sha1-GWfZ5m2lcrXAI8eH2xEqOHqxZvo="
    },
    "path-is-absolute": {
      "version": "1.0.1",
      "resolved": "http://registry.npm.taobao.org/path-is-absolute/download/path-is-absolute-1.0.1.tgz",
      "integrity": "sha1-F0uSaHNVNP+8es5r9TpanhtcX18="
    },
    "path-to-regexp": {
      "version": "1.7.0",
      "resolved": "http://registry.npm.taobao.org/path-to-regexp/download/path-to-regexp-1.7.0.tgz",
      "integrity": "sha1-Wf3g9DW62suhA6hOnTvGTpa5k30="
    },
    "pretty": {
      "version": "2.0.0",
      "resolved": "http://registry.npm.taobao.org/pretty/download/pretty-2.0.0.tgz",
      "integrity": "sha1-rbx5YLe7/iiaVX3F9zdhmiINBqU="
    },
    "proto-list": {
      "version": "1.2.4",
      "resolved": "http://registry.npm.taobao.org/proto-list/download/proto-list-1.2.4.tgz",
      "integrity": "sha1-IS1b/hMYMGpCD2QCuOJv85ZHqEk="
    },
    "pseudomap": {
      "version": "1.0.2",
      "resolved": "http://registry.npm.taobao.org/pseudomap/download/pseudomap-1.0.2.tgz",
      "integrity": "sha1-8FKijacOYYkX7wqKw0wa5aaChrM="
    },
    "qs": {
      "version": "6.5.1",
      "resolved": "http://registry.npm.taobao.org/qs/download/qs-6.5.1.tgz",
      "integrity": "sha1-NJzfbu+J7EXBLX1es/wMhwNDptg="
    },
    "raw-body": {
      "version": "2.3.2",
      "resolved": "http://registry.npm.taobao.org/raw-body/download/raw-body-2.3.2.tgz",
      "integrity": "sha1-vNYMd9Prk83gBQKVw/N5OJvIj4k="
    },
    "resolve-path": {
      "version": "1.3.3",
      "resolved": "http://registry.npm.taobao.org/resolve-path/download/resolve-path-1.3.3.tgz",
      "integrity": "sha1-TYOrpkaMK45jKldeP1Kw+g2+Glw=",
      "dependencies": {
        "http-errors": {
          "version": "1.5.1",
          "resolved": "http://registry.npm.taobao.org/http-errors/download/http-errors-1.5.1.tgz",
          "integrity": "sha1-eIwNLB3iyBuebowBhDtrl+uSB1A="
        },
        "setprototypeof": {
          "version": "1.0.2",
          "resolved": "http://registry.npm.taobao.org/setprototypeof/download/setprototypeof-1.0.2.tgz",
          "integrity": "sha1-gaVSFB7BBLiOic44MQOtXGZWTQg="
        }
      }
    },
    "semver": {
      "version": "5.5.0",
      "resolved": "http://registry.npm.taobao.org/semver/download/semver-5.5.0.tgz",
      "integrity": "sha1-3Eu8emyp2Rbe5dQ1FvAJK1j3uKs="
    },
    "setprototypeof": {
      "version": "1.0.3",
      "resolved": "http://registry.npm.taobao.org/setprototypeof/download/setprototypeof-1.0.3.tgz",
      "integrity": "sha1-ZlZ+NwQ+608E2RvWWMDL77VbjgQ="
    },
    "sigmund": {
      "version": "1.0.1",
      "resolved": "http://registry.npm.taobao.org/sigmund/download/sigmund-1.0.1.tgz",
      "integrity": "sha1-P/IfGYytIXX587eBhT/ZTQ0ZtZA="
    },
    "statuses": {
      "version": "1.4.0",
      "resolved": "http://registry.npm.taobao.org/statuses/download/statuses-1.4.0.tgz",
      "integrity": "sha1-u3PURtonlhBu/MG2AaJT1sRr0Ic="
    },
    "strip-ansi": {
      "version": "3.0.1",
      "resolved": "http://registry.npm.taobao.org/strip-ansi/download/strip-ansi-3.0.1.tgz",
      "integrity": "sha1-ajhfuIU9lS1f8F0Oiq+UJ43GPc8="
    },
    "supports-color": {
      "version": "2.0.0",
      "resolved": "http://registry.npm.taobao.org/supports-color/download/supports-color-2.0.0.tgz",
      "integrity": "sha1-U10EXOa2Nj+kARcIRimZXp3zJMc="
    },
    "thenify": {
      "version": "3.3.0",
      "resolved": "http://registry.npm.taobao.org/thenify/download/thenify-3.3.0.tgz",
      "integrity": "sha1-5p44obq+lpsBCCB5eLn2K4hgSDk="
    },
    "thenify-all": {
      "version": "1.6.0",
      "resolved": "http://registry.npm.taobao.org/thenify-all/download/thenify-all-1.6.0.tgz",
      "integrity": "sha1-GhkY1ALY/D+Y+/I02wvMjMEOlyY="
    },
    "type-is": {
      "version": "1.6.15",
      "resolved": "http://registry.npm.taobao.org/type-is/download/type-is-1.6.15.tgz",
      "integrity": "sha1-yrEPtJCeRByChC6v4a1kbIGARBA="
    },
    "universalify": {
      "version": "0.1.1",
      "resolved": "http://registry.npm.taobao.org/universalify/download/universalify-0.1.1.tgz",
      "integrity": "sha1-+nG63UQ3r0wUiEHjs7Fl+enlkLc="
    },
    "unpipe": {
      "version": "1.0.0",
      "resolved": "http://registry.npm.taobao.org/unpipe/download/unpipe-1.0.0.tgz",
      "integrity": "sha1-sr9O6FFKrmFltIF4KdIbLvSZBOw="
    },
    "urijs": {
      "version": "1.19.0",
      "resolved": "http://registry.npm.taobao.org/urijs/download/urijs-1.19.0.tgz",
      "integrity": "sha1-2KooTQ50aXA6aYitBFxMv98IraA="
    }
  }
}
